// !$*UTF8*$!
{
	archiveVersion = 1;
	classes = {
	};
	objectVersion = 46;
	objects = {

/* Begin PBXBuildFile section */
		170954211A4CC7DB002F0B74 /* CustomObject.m in Sources */ = {isa = PBXBuildFile; fileRef = 170954201A4CC7DB002F0B74 /* CustomObject.m */; };
		1709AD051A4BAD38001FC05E /* DateFormatManager.swift in Sources */ = {isa = PBXBuildFile; fileRef = 1709AD041A4BAD38001FC05E /* DateFormatManager.swift */; };
		174F69F31A4A1B070018CDE2 /* AppDelegate.swift in Sources */ = {isa = PBXBuildFile; fileRef = 174F69F21A4A1B070018CDE2 /* AppDelegate.swift */; };
		174F69F61A4A1B070018CDE2 /* Diary.xcdatamodeld in Sources */ = {isa = PBXBuildFile; fileRef = 174F69F41A4A1B070018CDE2 /* Diary.xcdatamodeld */; };
		174F69F81A4A1B070018CDE2 /* ViewController.swift in Sources */ = {isa = PBXBuildFile; fileRef = 174F69F71A4A1B070018CDE2 /* ViewController.swift */; };
		174F69FB1A4A1B070018CDE2 /* Main.storyboard in Resources */ = {isa = PBXBuildFile; fileRef = 174F69F91A4A1B070018CDE2 /* Main.storyboard */; };
		174F69FD1A4A1B070018CDE2 /* Images.xcassets in Resources */ = {isa = PBXBuildFile; fileRef = 174F69FC1A4A1B070018CDE2 /* Images.xcassets */; };
		174F6A001A4A1B070018CDE2 /* LaunchScreen.xib in Resources */ = {isa = PBXBuildFile; fileRef = 174F69FE1A4A1B070018CDE2 /* LaunchScreen.xib */; };
		174F6A0C1A4A1B080018CDE2 /* DiaryTests.swift in Sources */ = {isa = PBXBuildFile; fileRef = 174F6A0B1A4A1B080018CDE2 /* DiaryTests.swift */; };
		174F6A161A4A1E1A0018CDE2 /* CoreData.framework in Frameworks */ = {isa = PBXBuildFile; fileRef = 174F6A151A4A1E1A0018CDE2 /* CoreData.framework */; };
		174F6A1A1A4A2F4E0018CDE2 /* CoreDataStack.swift in Sources */ = {isa = PBXBuildFile; fileRef = 174F6A191A4A2F4E0018CDE2 /* CoreDataStack.swift */; };
		174F6A1E1A4A47B20018CDE2 /* EntryViewController.swift in Sources */ = {isa = PBXBuildFile; fileRef = 174F6A1D1A4A47B20018CDE2 /* EntryViewController.swift */; };
		174F6A251A4A73B10018CDE2 /* DiaryEntry.swift in Sources */ = {isa = PBXBuildFile; fileRef = 174F6A1B1A4A3CE10018CDE2 /* DiaryEntry.swift */; };
		174F6A271A4A8B6E0018CDE2 /* EntryListViewController.swift in Sources */ = {isa = PBXBuildFile; fileRef = 174F6A261A4A8B6E0018CDE2 /* EntryListViewController.swift */; };
		178A884A1A4D39380021F479 /* NavigationController.swift in Sources */ = {isa = PBXBuildFile; fileRef = 178A88491A4D39380021F479 /* NavigationController.swift */; };
		178A884C1A4D44900021F479 /* EntryCell.swift in Sources */ = {isa = PBXBuildFile; fileRef = 178A884B1A4D44900021F479 /* EntryCell.swift */; };
/* End PBXBuildFile section */

/* Begin PBXContainerItemProxy section */
		174F6A061A4A1B080018CDE2 /* PBXContainerItemProxy */ = {
			isa = PBXContainerItemProxy;
			containerPortal = 174F69E51A4A1B070018CDE2 /* Project object */;
			proxyType = 1;
			remoteGlobalIDString = 174F69EC1A4A1B070018CDE2;
			remoteInfo = Diary;
		};
/* End PBXContainerItemProxy section */

/* Begin PBXFileReference section */
		1709541A1A4C1D0F002F0B74 /* Diary-Bridging-Header.h */ = {isa = PBXFileReference; fileEncoding = 4; lastKnownFileType = sourcecode.c.h; path = "Diary-Bridging-Header.h"; sourceTree = "<group>"; };
		1709541F1A4CC7AC002F0B74 /* CustomObject.h */ = {isa = PBXFileReference; fileEncoding = 4; lastKnownFileType = sourcecode.c.h; path = CustomObject.h; sourceTree = "<group>"; };
		170954201A4CC7DB002F0B74 /* CustomObject.m */ = {isa = PBXFileReference; fileEncoding = 4; lastKnownFileType = sourcecode.c.objc; path = CustomObject.m; sourceTree = "<group>"; };
		1709AD041A4BAD38001FC05E /* DateFormatManager.swift */ = {isa = PBXFileReference; fileEncoding = 4; lastKnownFileType = sourcecode.swift; name = DateFormatManager.swift; path = ../DateFormatManager.swift; sourceTree = "<group>"; };
		174F69ED1A4A1B070018CDE2 /* Diary.app */ = {isa = PBXFileReference; explicitFileType = wrapper.application; includeInIndex = 0; path = Diary.app; sourceTree = BUILT_PRODUCTS_DIR; };
		174F69F11A4A1B070018CDE2 /* Info.plist */ = {isa = PBXFileReference; lastKnownFileType = text.plist.xml; path = Info.plist; sourceTree = "<group>"; };
		174F69F21A4A1B070018CDE2 /* AppDelegate.swift */ = {isa = PBXFileReference; lastKnownFileType = sourcecode.swift; path = AppDelegate.swift; sourceTree = "<group>"; };
		174F69F51A4A1B070018CDE2 /* Diary.xcdatamodel */ = {isa = PBXFileReference; lastKnownFileType = wrapper.xcdatamodel; path = Diary.xcdatamodel; sourceTree = "<group>"; };
		174F69F71A4A1B070018CDE2 /* ViewController.swift */ = {isa = PBXFileReference; lastKnownFileType = sourcecode.swift; path = ViewController.swift; sourceTree = "<group>"; };
		174F69FA1A4A1B070018CDE2 /* Base */ = {isa = PBXFileReference; lastKnownFileType = file.storyboard; name = Base; path = Base.lproj/Main.storyboard; sourceTree = "<group>"; };
		174F69FC1A4A1B070018CDE2 /* Images.xcassets */ = {isa = PBXFileReference; lastKnownFileType = folder.assetcatalog; path = Images.xcassets; sourceTree = "<group>"; };
		174F69FF1A4A1B070018CDE2 /* Base */ = {isa = PBXFileReference; lastKnownFileType = file.xib; name = Base; path = Base.lproj/LaunchScreen.xib; sourceTree = "<group>"; };
		174F6A051A4A1B080018CDE2 /* DiaryTests.xctest */ = {isa = PBXFileReference; explicitFileType = wrapper.cfbundle; includeInIndex = 0; path = DiaryTests.xctest; sourceTree = BUILT_PRODUCTS_DIR; };
		174F6A0A1A4A1B080018CDE2 /* Info.plist */ = {isa = PBXFileReference; lastKnownFileType = text.plist.xml; path = Info.plist; sourceTree = "<group>"; };
		174F6A0B1A4A1B080018CDE2 /* DiaryTests.swift */ = {isa = PBXFileReference; lastKnownFileType = sourcecode.swift; path = DiaryTests.swift; sourceTree = "<group>"; };
		174F6A151A4A1E1A0018CDE2 /* CoreData.framework */ = {isa = PBXFileReference; lastKnownFileType = wrapper.framework; name = CoreData.framework; path = System/Library/Frameworks/CoreData.framework; sourceTree = SDKROOT; };
		174F6A191A4A2F4E0018CDE2 /* CoreDataStack.swift */ = {isa = PBXFileReference; fileEncoding = 4; lastKnownFileType = sourcecode.swift; path = CoreDataStack.swift; sourceTree = "<group>"; };
		174F6A1B1A4A3CE10018CDE2 /* DiaryEntry.swift */ = {isa = PBXFileReference; fileEncoding = 4; lastKnownFileType = sourcecode.swift; path = DiaryEntry.swift; sourceTree = "<group>"; };
		174F6A1D1A4A47B20018CDE2 /* EntryViewController.swift */ = {isa = PBXFileReference; fileEncoding = 4; lastKnownFileType = sourcecode.swift; path = EntryViewController.swift; sourceTree = "<group>"; };
		174F6A261A4A8B6E0018CDE2 /* EntryListViewController.swift */ = {isa = PBXFileReference; fileEncoding = 4; lastKnownFileType = sourcecode.swift; path = EntryListViewController.swift; sourceTree = "<group>"; };
		178A88491A4D39380021F479 /* NavigationController.swift */ = {isa = PBXFileReference; fileEncoding = 4; lastKnownFileType = sourcecode.swift; path = NavigationController.swift; sourceTree = "<group>"; };
		178A884B1A4D44900021F479 /* EntryCell.swift */ = {isa = PBXFileReference; fileEncoding = 4; lastKnownFileType = sourcecode.swift; path = EntryCell.swift; sourceTree = "<group>"; };
/* End PBXFileReference section */

/* Begin PBXFrameworksBuildPhase section */
		174F69EA1A4A1B070018CDE2 /* Frameworks */ = {
			isa = PBXFrameworksBuildPhase;
			buildActionMask = 2147483647;
			files = (
				174F6A161A4A1E1A0018CDE2 /* CoreData.framework in Frameworks */,
			);
			runOnlyForDeploymentPostprocessing = 0;
		};
		174F6A021A4A1B080018CDE2 /* Frameworks */ = {
			isa = PBXFrameworksBuildPhase;
			buildActionMask = 2147483647;
			files = (
			);
			runOnlyForDeploymentPostprocessing = 0;
		};
/* End PBXFrameworksBuildPhase section */

/* Begin PBXGroup section */
		174F69E41A4A1B070018CDE2 = {
			isa = PBXGroup;
			children = (
				1709541F1A4CC7AC002F0B74 /* CustomObject.h */,
				170954201A4CC7DB002F0B74 /* CustomObject.m */,
				1709541A1A4C1D0F002F0B74 /* Diary-Bridging-Header.h */,
				174F6A151A4A1E1A0018CDE2 /* CoreData.framework */,
				174F69EF1A4A1B070018CDE2 /* Diary */,
				174F6A081A4A1B080018CDE2 /* DiaryTests */,
				174F69EE1A4A1B070018CDE2 /* Products */,
			);
			sourceTree = "<group>";
		};
		174F69EE1A4A1B070018CDE2 /* Products */ = {
			isa = PBXGroup;
			children = (
				174F69ED1A4A1B070018CDE2 /* Diary.app */,
				174F6A051A4A1B080018CDE2 /* DiaryTests.xctest */,
			);
			name = Products;
			sourceTree = "<group>";
		};
		174F69EF1A4A1B070018CDE2 /* Diary */ = {
			isa = PBXGroup;
			children = (
				174F69F91A4A1B070018CDE2 /* Main.storyboard */,
				174F69F41A4A1B070018CDE2 /* Diary.xcdatamodeld */,
				174F69F21A4A1B070018CDE2 /* AppDelegate.swift */,
				174F6A191A4A2F4E0018CDE2 /* CoreDataStack.swift */,
				174F6A1B1A4A3CE10018CDE2 /* DiaryEntry.swift */,
				174F69F71A4A1B070018CDE2 /* ViewController.swift */,
				178A88491A4D39380021F479 /* NavigationController.swift */,
				178A884B1A4D44900021F479 /* EntryCell.swift */,
				174F6A261A4A8B6E0018CDE2 /* EntryListViewController.swift */,
				174F6A1D1A4A47B20018CDE2 /* EntryViewController.swift */,
				1709AD041A4BAD38001FC05E /* DateFormatManager.swift */,
				174F69FE1A4A1B070018CDE2 /* LaunchScreen.xib */,
				174F69FC1A4A1B070018CDE2 /* Images.xcassets */,
				174F69F01A4A1B070018CDE2 /* Supporting Files */,
			);
			path = Diary;
			sourceTree = "<group>";
		};
		174F69F01A4A1B070018CDE2 /* Supporting Files */ = {
			isa = PBXGroup;
			children = (
				174F69F11A4A1B070018CDE2 /* Info.plist */,
			);
			name = "Supporting Files";
			sourceTree = "<group>";
		};
		174F6A081A4A1B080018CDE2 /* DiaryTests */ = {
			isa = PBXGroup;
			children = (
				174F6A0B1A4A1B080018CDE2 /* DiaryTests.swift */,
				174F6A091A4A1B080018CDE2 /* Supporting Files */,
			);
			path = DiaryTests;
			sourceTree = "<group>";
		};
		174F6A091A4A1B080018CDE2 /* Supporting Files */ = {
			isa = PBXGroup;
			children = (
				174F6A0A1A4A1B080018CDE2 /* Info.plist */,
			);
			name = "Supporting Files";
			sourceTree = "<group>";
		};
/* End PBXGroup section */

/* Begin PBXNativeTarget section */
		174F69EC1A4A1B070018CDE2 /* Diary */ = {
			isa = PBXNativeTarget;
			buildConfigurationList = 174F6A0F1A4A1B080018CDE2 /* Build configuration list for PBXNativeTarget "Diary" */;
			buildPhases = (
				174F69E91A4A1B070018CDE2 /* Sources */,
				174F69EA1A4A1B070018CDE2 /* Frameworks */,
				174F69EB1A4A1B070018CDE2 /* Resources */,
			);
			buildRules = (
			);
			dependencies = (
			);
			name = Diary;
			productName = Diary;
			productReference = 174F69ED1A4A1B070018CDE2 /* Diary.app */;
			productType = "com.apple.product-type.application";
		};
		174F6A041A4A1B080018CDE2 /* DiaryTests */ = {
			isa = PBXNativeTarget;
			buildConfigurationList = 174F6A121A4A1B080018CDE2 /* Build configuration list for PBXNativeTarget "DiaryTests" */;
			buildPhases = (
				174F6A011A4A1B080018CDE2 /* Sources */,
				174F6A021A4A1B080018CDE2 /* Frameworks */,
				174F6A031A4A1B080018CDE2 /* Resources */,
			);
			buildRules = (
			);
			dependencies = (
				174F6A071A4A1B080018CDE2 /* PBXTargetDependency */,
			);
			name = DiaryTests;
			productName = DiaryTests;
			productReference = 174F6A051A4A1B080018CDE2 /* DiaryTests.xctest */;
			productType = "com.apple.product-type.bundle.unit-test";
		};
/* End PBXNativeTarget section */

/* Begin PBXProject section */
		174F69E51A4A1B070018CDE2 /* Project object */ = {
			isa = PBXProject;
			attributes = {
				LastUpgradeCheck = 0610;
				ORGANIZATIONNAME = kulfy;
				TargetAttributes = {
					174F69EC1A4A1B070018CDE2 = {
						CreatedOnToolsVersion = 6.1.1;
					};
					174F6A041A4A1B080018CDE2 = {
						CreatedOnToolsVersion = 6.1.1;
						TestTargetID = 174F69EC1A4A1B070018CDE2;
					};
				};
			};
			buildConfigurationList = 174F69E81A4A1B070018CDE2 /* Build configuration list for PBXProject "Diary" */;
			compatibilityVersion = "Xcode 3.2";
			developmentRegion = English;
			hasScannedForEncodings = 0;
			knownRegions = (
				en,
				Base,
			);
			mainGroup = 174F69E41A4A1B070018CDE2;
			productRefGroup = 174F69EE1A4A1B070018CDE2 /* Products */;
			projectDirPath = "";
			projectRoot = "";
			targets = (
				174F69EC1A4A1B070018CDE2 /* Diary */,
				174F6A041A4A1B080018CDE2 /* DiaryTests */,
			);
		};
/* End PBXProject section */

/* Begin PBXResourcesBuildPhase section */
		174F69EB1A4A1B070018CDE2 /* Resources */ = {
			isa = PBXResourcesBuildPhase;
			buildActionMask = 2147483647;
			files = (
				174F69FB1A4A1B070018CDE2 /* Main.storyboard in Resources */,
				174F6A001A4A1B070018CDE2 /* LaunchScreen.xib in Resources */,
				174F69FD1A4A1B070018CDE2 /* Images.xcassets in Resources */,
			);
			runOnlyForDeploymentPostprocessing = 0;
		};
		174F6A031A4A1B080018CDE2 /* Resources */ = {
			isa = PBXResourcesBuildPhase;
			buildActionMask = 2147483647;
			files = (
			);
			runOnlyForDeploymentPostprocessing = 0;
		};
/* End PBXResourcesBuildPhase section */

/* Begin PBXSourcesBuildPhase section */
		174F69E91A4A1B070018CDE2 /* Sources */ = {
			isa = PBXSourcesBuildPhase;
			buildActionMask = 2147483647;
			files = (
				174F6A251A4A73B10018CDE2 /* DiaryEntry.swift in Sources */,
				174F69F81A4A1B070018CDE2 /* ViewController.swift in Sources */,
				174F69F31A4A1B070018CDE2 /* AppDelegate.swift in Sources */,
				174F69F61A4A1B070018CDE2 /* Diary.xcdatamodeld in Sources */,
				1709AD051A4BAD38001FC05E /* DateFormatManager.swift in Sources */,
				174F6A1E1A4A47B20018CDE2 /* EntryViewController.swift in Sources */,
				174F6A271A4A8B6E0018CDE2 /* EntryListViewController.swift in Sources */,
				178A884A1A4D39380021F479 /* NavigationController.swift in Sources */,
				178A884C1A4D44900021F479 /* EntryCell.swift in Sources */,
				170954211A4CC7DB002F0B74 /* CustomObject.m in Sources */,
				174F6A1A1A4A2F4E0018CDE2 /* CoreDataStack.swift in Sources */,
			);
			runOnlyForDeploymentPostprocessing = 0;
		};
		174F6A011A4A1B080018CDE2 /* Sources */ = {
			isa = PBXSourcesBuildPhase;
			buildActionMask = 2147483647;
			files = (
				174F6A0C1A4A1B080018CDE2 /* DiaryTests.swift in Sources */,
			);
			runOnlyForDeploymentPostprocessing = 0;
		};
/* End PBXSourcesBuildPhase section */

/* Begin PBXTargetDependency section */
		174F6A071A4A1B080018CDE2 /* PBXTargetDependency */ = {
			isa = PBXTargetDependency;
			target = 174F69EC1A4A1B070018CDE2 /* Diary */;
			targetProxy = 174F6A061A4A1B080018CDE2 /* PBXContainerItemProxy */;
		};
/* End PBXTargetDependency section */

/* Begin PBXVariantGroup section */
		174F69F91A4A1B070018CDE2 /* Main.storyboard */ = {
			isa = PBXVariantGroup;
			children = (
				174F69FA1A4A1B070018CDE2 /* Base */,
			);
			name = Main.storyboard;
			sourceTree = "<group>";
		};
		174F69FE1A4A1B070018CDE2 /* LaunchScreen.xib */ = {
			isa = PBXVariantGroup;
			children = (
				174F69FF1A4A1B070018CDE2 /* Base */,
			);
			name = LaunchScreen.xib;
			sourceTree = "<group>";
		};
/* End PBXVariantGroup section */

/* Begin XCBuildConfiguration section */
		174F6A0D1A4A1B080018CDE2 /* Debug */ = {
			isa = XCBuildConfiguration;
			buildSettings = {
				ALWAYS_SEARCH_USER_PATHS = NO;
				CLANG_CXX_LANGUAGE_STANDARD = "gnu++0x";
				CLANG_CXX_LIBRARY = "libc++";
				CLANG_ENABLE_MODULES = YES;
				CLANG_ENABLE_OBJC_ARC = YES;
				CLANG_WARN_BOOL_CONVERSION = YES;
				CLANG_WARN_CONSTANT_CONVERSION = YES;
				CLANG_WARN_DIRECT_OBJC_ISA_USAGE = YES_ERROR;
				CLANG_WARN_EMPTY_BODY = YES;
				CLANG_WARN_ENUM_CONVERSION = YES;
				CLANG_WARN_INT_CONVERSION = YES;
				CLANG_WARN_OBJC_ROOT_CLASS = YES_ERROR;
				CLANG_WARN_UNREACHABLE_CODE = YES;
				CLANG_WARN__DUPLICATE_METHOD_MATCH = YES;
				"CODE_SIGN_IDENTITY[sdk=iphoneos*]" = "iPhone Developer";
				COPY_PHASE_STRIP = NO;
				ENABLE_STRICT_OBJC_MSGSEND = YES;
				GCC_C_LANGUAGE_STANDARD = gnu99;
				GCC_DYNAMIC_NO_PIC = NO;
				GCC_OPTIMIZATION_LEVEL = 0;
				GCC_PREPROCESSOR_DEFINITIONS = (
					"DEBUG=1",
					"$(inherited)",
				);
				GCC_SYMBOLS_PRIVATE_EXTERN = NO;
				GCC_WARN_64_TO_32_BIT_CONVERSION = YES;
				GCC_WARN_ABOUT_RETURN_TYPE = YES_ERROR;
				GCC_WARN_UNDECLARED_SELECTOR = YES;
				GCC_WARN_UNINITIALIZED_AUTOS = YES_AGGRESSIVE;
				GCC_WARN_UNUSED_FUNCTION = YES;
				GCC_WARN_UNUSED_VARIABLE = YES;
				IPHONEOS_DEPLOYMENT_TARGET = 8.1;
				MTL_ENABLE_DEBUG_INFO = YES;
				ONLY_ACTIVE_ARCH = YES;
				SDKROOT = iphoneos;
				SWIFT_OPTIMIZATION_LEVEL = "-Onone";
			};
			name = Debug;
		};
		174F6A0E1A4A1B080018CDE2 /* Release */ = {
			isa = XCBuildConfiguration;
			buildSettings = {
				ALWAYS_SEARCH_USER_PATHS = NO;
				CLANG_CXX_LANGUAGE_STANDARD = "gnu++0x";
				CLANG_CXX_LIBRARY = "libc++";
				CLANG_ENABLE_MODULES = YES;
				CLANG_ENABLE_OBJC_ARC = YES;
				CLANG_WARN_BOOL_CONVERSION = YES;
				CLANG_WARN_CONSTANT_CONVERSION = YES;
				CLANG_WARN_DIRECT_OBJC_ISA_USAGE = YES_ERROR;
				CLANG_WARN_EMPTY_BODY = YES;
				CLANG_WARN_ENUM_CONVERSION = YES;
				CLANG_WARN_INT_CONVERSION = YES;
				CLANG_WARN_OBJC_ROOT_CLASS = YES_ERROR;
				CLANG_WARN_UNREACHABLE_CODE = YES;
				CLANG_WARN__DUPLICATE_METHOD_MATCH = YES;
				"CODE_SIGN_IDENTITY[sdk=iphoneos*]" = "iPhone Developer";
				COPY_PHASE_STRIP = YES;
				ENABLE_NS_ASSERTIONS = NO;
				ENABLE_STRICT_OBJC_MSGSEND = YES;
				GCC_C_LANGUAGE_STANDARD = gnu99;
				GCC_WARN_64_TO_32_BIT_CONVERSION = YES;
				GCC_WARN_ABOUT_RETURN_TYPE = YES_ERROR;
				GCC_WARN_UNDECLARED_SELECTOR = YES;
				GCC_WARN_UNINITIALIZED_AUTOS = YES_AGGRESSIVE;
				GCC_WARN_UNUSED_FUNCTION = YES;
				GCC_WARN_UNUSED_VARIABLE = YES;
				IPHONEOS_DEPLOYMENT_TARGET = 8.1;
				MTL_ENABLE_DEBUG_INFO = NO;
				SDKROOT = iphoneos;
				VALIDATE_PRODUCT = YES;
			};
			name = Release;
		};
		174F6A101A4A1B080018CDE2 /* Debug */ = {
			isa = XCBuildConfiguration;
			buildSettings = {
				ASSETCATALOG_COMPILER_APPICON_NAME = AppIcon;
				CLANG_ENABLE_MODULES = YES;
				CODE_SIGN_IDENTITY = "iPhone Developer";
				"CODE_SIGN_IDENTITY[sdk=iphoneos*]" = "";
				INFOPLIST_FILE = Diary/Info.plist;
				LD_RUNPATH_SEARCH_PATHS = "$(inherited) @executable_path/Frameworks";
				PRODUCT_NAME = "$(TARGET_NAME)";
				SWIFT_INSTALL_OBJC_HEADER = YES;
				SWIFT_OBJC_BRIDGING_HEADER = "Diary-Bridging-Header.h";
				SWIFT_OPTIMIZATION_LEVEL = "-Onone";
			};
			name = Debug;
		};
		174F6A111A4A1B080018CDE2 /* Release */ = {
			isa = XCBuildConfiguration;
			buildSettings = {
				ASSETCATALOG_COMPILER_APPICON_NAME = AppIcon;
				CLANG_ENABLE_MODULES = YES;
				CODE_SIGN_IDENTITY = "iPhone Developer";
				"CODE_SIGN_IDENTITY[sdk=iphoneos*]" = "";
				INFOPLIST_FILE = Diary/Info.plist;
				LD_RUNPATH_SEARCH_PATHS = "$(inherited) @executable_path/Frameworks";
				PRODUCT_NAME = "$(TARGET_NAME)";
				SWIFT_INSTALL_OBJC_HEADER = YES;
				SWIFT_OBJC_BRIDGING_HEADER = "Diary-Bridging-Header.h";
			};
			name = Release;
		};
		174F6A131A4A1B080018CDE2 /* Debug */ = {
			isa = XCBuildConfiguration;
			buildSettings = {
				BUNDLE_LOADER = "$(TEST_HOST)";
				FRAMEWORK_SEARCH_PATHS = (
					"$(SDKROOT)/Developer/Library/Frameworks",
					"$(inherited)",
				);
				GCC_PREPROCESSOR_DEFINITIONS = (
					"DEBUG=1",
					"$(inherited)",
				);
				INFOPLIST_FILE = DiaryTests/Info.plist;
				LD_RUNPATH_SEARCH_PATHS = "$(inherited) @executable_path/Frameworks @loader_path/Frameworks";
				PRODUCT_NAME = "$(TARGET_NAME)";
				TEST_HOST = "$(BUILT_PRODUCTS_DIR)/Diary.app/Diary";
			};
			name = Debug;
		};
		174F6A141A4A1B080018CDE2 /* Release */ = {
			isa = XCBuildConfiguration;
			buildSettings = {
				BUNDLE_LOADER = "$(TEST_HOST)";
				FRAMEWORK_SEARCH_PATHS = (
					"$(SDKROOT)/Developer/Library/Frameworks",
					"$(inherited)",
				);
				INFOPLIST_FILE = DiaryTests/Info.plist;
				LD_RUNPATH_SEARCH_PATHS = "$(inherited) @executable_path/Frameworks @loader_path/Frameworks";
				PRODUCT_NAME = "$(TARGET_NAME)";
				TEST_HOST = "$(BUILT_PRODUCTS_DIR)/Diary.app/Diary";
			};
			name = Release;
		};
/* End XCBuildConfiguration section */

/* Begin XCConfigurationList section */
		174F69E81A4A1B070018CDE2 /* Build configuration list for PBXProject "Diary" */ = {
			isa = XCConfigurationList;
			buildConfigurations = (
				174F6A0D1A4A1B080018CDE2 /* Debug */,
				174F6A0E1A4A1B080018CDE2 /* Release */,
			);
			defaultConfigurationIsVisible = 0;
			defaultConfigurationName = Release;
		};
		174F6A0F1A4A1B080018CDE2 /* Build configuration list for PBXNativeTarget "Diary" */ = {
			isa = XCConfigurationList;
			buildConfigurations = (
				174F6A101A4A1B080018CDE2 /* Debug */,
				174F6A111A4A1B080018CDE2 /* Release */,
			);
			defaultConfigurationIsVisible = 0;
			defaultConfigurationName = Release;
		};
		174F6A121A4A1B080018CDE2 /* Build configuration list for PBXNativeTarget "DiaryTests" */ = {
			isa = XCConfigurationList;
			buildConfigurations = (
				174F6A131A4A1B080018CDE2 /* Debug */,
				174F6A141A4A1B080018CDE2 /* Release */,
			);
			defaultConfigurationIsVisible = 0;
			defaultConfigurationName = Release;
		};
/* End XCConfigurationList section */

/* Begin XCVersionGroup section */
		174F69F41A4A1B070018CDE2 /* Diary.xcdatamodeld */ = {
			isa = XCVersionGroup;
			children = (
				174F69F51A4A1B070018CDE2 /* Diary.xcdatamodel */,
			);
			currentVersion = 174F69F51A4A1B070018CDE2 /* Diary.xcdatamodel */;
			path = Diary.xcdatamodeld;
			sourceTree = "<group>";
			versionGroupType = wrapper.xcdatamodel;
		};
/* End XCVersionGroup section */
	};
	rootObject = 174F69E51A4A1B070018CDE2 /* Project object */;
}
